
Microsoft Visual Studio Solution File, Format Version 12.00
# Visual Studio 14
VisualStudioVersion = 14.0.25420.1
MinimumVisualStudioVersion = 10.0.40219.1
Project("{8BC9CEB8-8B4A-11D0-8D11-00A0C91BC942}") = "lab00", "lab00\lab00.vcxproj", "{EF848A50-DAC3-44A3-9097-0E3B1474D744}"
EndProject
Project("{8BC9CEB8-8B4A-11D0-8D11-00A0C91BC942}") = "lab01_1a", "lab01_1a\lab01_1a.vcxproj", "{BA444A5D-861F-4FA7-AAB8-15592F27308B}"
EndProject
Project("{8BC9CEB8-8B4A-11D0-8D11-00A0C91BC942}") = "lab01_1b", "lab02_1b\lab02_1b.vcxproj", "{9E2A659F-9330-4C5F-9F5C-AE7F93EA342B}"
EndProject
Project("{8BC9CEB8-8B4A-11D0-8D11-00A0C91BC942}") = "1.2_selesort", "1.2_selesort\1.2_selesort.vcxproj", "{0120F18E-F27C-4A2F-BC42-F90F9CD1F00E}"
EndProject
Project("{8BC9CEB8-8B4A-11D0-8D11-00A0C91BC942}") = "1.3_binsearch", "1.3_binsearch\1.3_binsearch.vcxproj", "{61DC8E9B-27C7-421D-AC80-FCDC7D1B5A22}"
EndProject
Project("{8BC9CEB8-8B4A-11D0-8D11-00A0C91BC942}") = "1.4_binsearch_r", "1.4_binsearch_r\1.4_binsearch_r.vcxproj", "{C6822903-FB09-4C94-B006-E756CAD884ED}"
EndProject
Project("{8BC9CEB8-8B4A-11D0-8D11-00A0C91BC942}") = "1.5_permutation", "1.5_permutation\1.5_permutation.vcxproj", "{F27B17C7-95E8-44E8-8838-3A06936267A9}"
EndProject
Project("{8BC9CEB8-8B4A-11D0-8D11-00A0C91BC942}") = "1.7_permutation_stl", "1.7_permutation_stl\1.7_permutation_stl.vcxproj", "{3DF9A673-82B6-41D8-AF22-9322A54D4E50}"
EndProject
Project("{8BC9CEB8-8B4A-11D0-8D11-00A0C91BC942}") = "1.6_product", "1.6_product\1.6_product.vcxproj", "{FAF36952-EDB4-4730-A98B-D80838F04796}"
EndProject
Project("{8BC9CEB8-8B4A-11D0-8D11-00A0C91BC942}") = "lab02_2a", "lab02_2a\lab02_2a.vcxproj", "{FDBF3B8A-70F6-4C32-9208-DF63736E2346}"
EndProject
Project("{8BC9CEB8-8B4A-11D0-8D11-00A0C91BC942}") = "lab02_2b", "lab02_2b\lab02_2b.vcxproj", "{751C04A1-3B10-4839-AAEC-8ED389CAE1C6}"
EndProject
Project("{8BC9CEB8-8B4A-11D0-8D11-00A0C91BC942}") = "lab02_2d", "lab02_2d\lab02_2d.vcxproj", "{9B4F0DA9-208A-4862-BC81-46498A517B24}"
EndProject
Project("{8BC9CEB8-8B4A-11D0-8D11-00A0C91BC942}") = "lab02_2c", "lab02_2c\lab02_2c.vcxproj", "{A23270B7-A692-44BF-B909-A6C470311840}"
EndProject
Project("{8BC9CEB8-8B4A-11D0-8D11-00A0C91BC942}") = "lab_3a", "lab_3a\lab_3a.vcxproj", "{DD7400C0-9627-4691-ABD2-78E28982D6C6}"
EndProject
Project("{8BC9CEB8-8B4A-11D0-8D11-00A0C91BC942}") = "lab_3c", "lab_3c\lab_3c.vcxproj", "{4E267E2A-C6D4-456F-A546-B28EDB1D6D31}"
EndProject
Project("{8BC9CEB8-8B4A-11D0-8D11-00A0C91BC942}") = "lab_3b", "lab_3b\lab_3b.vcxproj", "{9DEB6075-11D8-496E-9EED-927E03EDAFA2}"
EndProject
Global
	GlobalSection(SolutionConfigurationPlatforms) = preSolution
		Debug|Mixed Platforms = Debug|Mixed Platforms
		Debug|Win32 = Debug|Win32
		Debug|x64 = Debug|x64
		Debug|x86 = Debug|x86
		Release|Mixed Platforms = Release|Mixed Platforms
		Release|Win32 = Release|Win32
		Release|x64 = Release|x64
		Release|x86 = Release|x86
	EndGlobalSection
	GlobalSection(ProjectConfigurationPlatforms) = postSolution
		{EF848A50-DAC3-44A3-9097-0E3B1474D744}.Debug|Mixed Platforms.ActiveCfg = Debug|Win32
		{EF848A50-DAC3-44A3-9097-0E3B1474D744}.Debug|Mixed Platforms.Build.0 = Debug|Win32
		{EF848A50-DAC3-44A3-9097-0E3B1474D744}.Debug|Win32.ActiveCfg = Debug|Win32
		{EF848A50-DAC3-44A3-9097-0E3B1474D744}.Debug|Win32.Build.0 = Debug|Win32
		{EF848A50-DAC3-44A3-9097-0E3B1474D744}.Debug|x64.ActiveCfg = Debug|x64
		{EF848A50-DAC3-44A3-9097-0E3B1474D744}.Debug|x64.Build.0 = Debug|x64
		{EF848A50-DAC3-44A3-9097-0E3B1474D744}.Debug|x86.ActiveCfg = Debug|Win32
		{EF848A50-DAC3-44A3-9097-0E3B1474D744}.Debug|x86.Build.0 = Debug|Win32
		{EF848A50-DAC3-44A3-9097-0E3B1474D744}.Release|Mixed Platforms.ActiveCfg = Release|Win32
		{EF848A50-DAC3-44A3-9097-0E3B1474D744}.Release|Mixed Platforms.Build.0 = Release|Win32
		{EF848A50-DAC3-44A3-9097-0E3B1474D744}.Release|Win32.ActiveCfg = Release|Win32
		{EF848A50-DAC3-44A3-9097-0E3B1474D744}.Release|Win32.Build.0 = Release|Win32
		{EF848A50-DAC3-44A3-9097-0E3B1474D744}.Release|x64.ActiveCfg = Release|x64
		{EF848A50-DAC3-44A3-9097-0E3B1474D744}.Release|x64.Build.0 = Release|x64
		{EF848A50-DAC3-44A3-9097-0E3B1474D744}.Release|x86.ActiveCfg = Release|Win32
		{EF848A50-DAC3-44A3-9097-0E3B1474D744}.Release|x86.Build.0 = Release|Win32
		{BA444A5D-861F-4FA7-AAB8-15592F27308B}.Debug|Mixed Platforms.ActiveCfg = Debug|Win32
		{BA444A5D-861F-4FA7-AAB8-15592F27308B}.Debug|Mixed Platforms.Build.0 = Debug|Win32
		{BA444A5D-861F-4FA7-AAB8-15592F27308B}.Debug|Win32.ActiveCfg = Debug|Win32
		{BA444A5D-861F-4FA7-AAB8-15592F27308B}.Debug|Win32.Build.0 = Debug|Win32
		{BA444A5D-861F-4FA7-AAB8-15592F27308B}.Debug|x64.ActiveCfg = Debug|x64
		{BA444A5D-861F-4FA7-AAB8-15592F27308B}.Debug|x64.Build.0 = Debug|x64
		{BA444A5D-861F-4FA7-AAB8-15592F27308B}.Debug|x86.ActiveCfg = Debug|Win32
		{BA444A5D-861F-4FA7-AAB8-15592F27308B}.Debug|x86.Build.0 = Debug|Win32
		{BA444A5D-861F-4FA7-AAB8-15592F27308B}.Release|Mixed Platforms.ActiveCfg = Release|Win32
		{BA444A5D-861F-4FA7-AAB8-15592F27308B}.Release|Mixed Platforms.Build.0 = Release|Win32
		{BA444A5D-861F-4FA7-AAB8-15592F27308B}.Release|Win32.ActiveCfg = Release|Win32
		{BA444A5D-861F-4FA7-AAB8-15592F27308B}.Release|Win32.Build.0 = Release|Win32
		{BA444A5D-861F-4FA7-AAB8-15592F27308B}.Release|x64.ActiveCfg = Release|x64
		{BA444A5D-861F-4FA7-AAB8-15592F27308B}.Release|x64.Build.0 = Release|x64
		{BA444A5D-861F-4FA7-AAB8-15592F27308B}.Release|x86.ActiveCfg = Release|Win32
		{BA444A5D-861F-4FA7-AAB8-15592F27308B}.Release|x86.Build.0 = Release|Win32
		{9E2A659F-9330-4C5F-9F5C-AE7F93EA342B}.Debug|Mixed Platforms.ActiveCfg = Debug|Win32
		{9E2A659F-9330-4C5F-9F5C-AE7F93EA342B}.Debug|Mixed Platforms.Build.0 = Debug|Win32
		{9E2A659F-9330-4C5F-9F5C-AE7F93EA342B}.Debug|Win32.ActiveCfg = Debug|Win32
		{9E2A659F-9330-4C5F-9F5C-AE7F93EA342B}.Debug|Win32.Build.0 = Debug|Win32
		{9E2A659F-9330-4C5F-9F5C-AE7F93EA342B}.Debug|x64.ActiveCfg = Debug|x64
		{9E2A659F-9330-4C5F-9F5C-AE7F93EA342B}.Debug|x64.Build.0 = Debug|x64
		{9E2A659F-9330-4C5F-9F5C-AE7F93EA342B}.Debug|x86.ActiveCfg = Debug|Win32
		{9E2A659F-9330-4C5F-9F5C-AE7F93EA342B}.Debug|x86.Build.0 = Debug|Win32
		{9E2A659F-9330-4C5F-9F5C-AE7F93EA342B}.Release|Mixed Platforms.ActiveCfg = Release|Win32
		{9E2A659F-9330-4C5F-9F5C-AE7F93EA342B}.Release|Mixed Platforms.Build.0 = Release|Win32
		{9E2A659F-9330-4C5F-9F5C-AE7F93EA342B}.Release|Win32.ActiveCfg = Release|Win32
		{9E2A659F-9330-4C5F-9F5C-AE7F93EA342B}.Release|Win32.Build.0 = Release|Win32
		{9E2A659F-9330-4C5F-9F5C-AE7F93EA342B}.Release|x64.ActiveCfg = Release|x64
		{9E2A659F-9330-4C5F-9F5C-AE7F93EA342B}.Release|x64.Build.0 = Release|x64
		{9E2A659F-9330-4C5F-9F5C-AE7F93EA342B}.Release|x86.ActiveCfg = Release|Win32
		{9E2A659F-9330-4C5F-9F5C-AE7F93EA342B}.Release|x86.Build.0 = Release|Win32
		{0120F18E-F27C-4A2F-BC42-F90F9CD1F00E}.Debug|Mixed Platforms.ActiveCfg = Debug|Win32
		{0120F18E-F27C-4A2F-BC42-F90F9CD1F00E}.Debug|Mixed Platforms.Build.0 = Debug|Win32
		{0120F18E-F27C-4A2F-BC42-F90F9CD1F00E}.Debug|Win32.ActiveCfg = Debug|Win32
		{0120F18E-F27C-4A2F-BC42-F90F9CD1F00E}.Debug|Win32.Build.0 = Debug|Win32
		{0120F18E-F27C-4A2F-BC42-F90F9CD1F00E}.Debug|x64.ActiveCfg = Debug|x64
		{0120F18E-F27C-4A2F-BC42-F90F9CD1F00E}.Debug|x64.Build.0 = Debug|x64
		{0120F18E-F27C-4A2F-BC42-F90F9CD1F00E}.Debug|x86.ActiveCfg = Debug|Win32
		{0120F18E-F27C-4A2F-BC42-F90F9CD1F00E}.Debug|x86.Build.0 = Debug|Win32
		{0120F18E-F27C-4A2F-BC42-F90F9CD1F00E}.Release|Mixed Platforms.ActiveCfg = Release|Win32
		{0120F18E-F27C-4A2F-BC42-F90F9CD1F00E}.Release|Mixed Platforms.Build.0 = Release|Win32
		{0120F18E-F27C-4A2F-BC42-F90F9CD1F00E}.Release|Win32.ActiveCfg = Release|Win32
		{0120F18E-F27C-4A2F-BC42-F90F9CD1F00E}.Release|Win32.Build.0 = Release|Win32
		{0120F18E-F27C-4A2F-BC42-F90F9CD1F00E}.Release|x64.ActiveCfg = Release|x64
		{0120F18E-F27C-4A2F-BC42-F90F9CD1F00E}.Release|x64.Build.0 = Release|x64
		{0120F18E-F27C-4A2F-BC42-F90F9CD1F00E}.Release|x86.ActiveCfg = Release|Win32
		{0120F18E-F27C-4A2F-BC42-F90F9CD1F00E}.Release|x86.Build.0 = Release|Win32
		{61DC8E9B-27C7-421D-AC80-FCDC7D1B5A22}.Debug|Mixed Platforms.ActiveCfg = Debug|Win32
		{61DC8E9B-27C7-421D-AC80-FCDC7D1B5A22}.Debug|Mixed Platforms.Build.0 = Debug|Win32
		{61DC8E9B-27C7-421D-AC80-FCDC7D1B5A22}.Debug|Win32.ActiveCfg = Debug|Win32
		{61DC8E9B-27C7-421D-AC80-FCDC7D1B5A22}.Debug|Win32.Build.0 = Debug|Win32
		{61DC8E9B-27C7-421D-AC80-FCDC7D1B5A22}.Debug|x64.ActiveCfg = Debug|x64
		{61DC8E9B-27C7-421D-AC80-FCDC7D1B5A22}.Debug|x64.Build.0 = Debug|x64
		{61DC8E9B-27C7-421D-AC80-FCDC7D1B5A22}.Debug|x86.ActiveCfg = Debug|Win32
		{61DC8E9B-27C7-421D-AC80-FCDC7D1B5A22}.Debug|x86.Build.0 = Debug|Win32
		{61DC8E9B-27C7-421D-AC80-FCDC7D1B5A22}.Release|Mixed Platforms.ActiveCfg = Release|Win32
		{61DC8E9B-27C7-421D-AC80-FCDC7D1B5A22}.Release|Mixed Platforms.Build.0 = Release|Win32
		{61DC8E9B-27C7-421D-AC80-FCDC7D1B5A22}.Release|Win32.ActiveCfg = Release|Win32
		{61DC8E9B-27C7-421D-AC80-FCDC7D1B5A22}.Release|Win32.Build.0 = Release|Win32
		{61DC8E9B-27C7-421D-AC80-FCDC7D1B5A22}.Release|x64.ActiveCfg = Release|x64
		{61DC8E9B-27C7-421D-AC80-FCDC7D1B5A22}.Release|x64.Build.0 = Release|x64
		{61DC8E9B-27C7-421D-AC80-FCDC7D1B5A22}.Release|x86.ActiveCfg = Release|Win32
		{61DC8E9B-27C7-421D-AC80-FCDC7D1B5A22}.Release|x86.Build.0 = Release|Win32
		{C6822903-FB09-4C94-B006-E756CAD884ED}.Debug|Mixed Platforms.ActiveCfg = Debug|Win32
		{C6822903-FB09-4C94-B006-E756CAD884ED}.Debug|Mixed Platforms.Build.0 = Debug|Win32
		{C6822903-FB09-4C94-B006-E756CAD884ED}.Debug|Win32.ActiveCfg = Debug|Win32
		{C6822903-FB09-4C94-B006-E756CAD884ED}.Debug|Win32.Build.0 = Debug|Win32
		{C6822903-FB09-4C94-B006-E756CAD884ED}.Debug|x64.ActiveCfg = Debug|x64
		{C6822903-FB09-4C94-B006-E756CAD884ED}.Debug|x64.Build.0 = Debug|x64
		{C6822903-FB09-4C94-B006-E756CAD884ED}.Debug|x86.ActiveCfg = Debug|Win32
		{C6822903-FB09-4C94-B006-E756CAD884ED}.Debug|x86.Build.0 = Debug|Win32
		{C6822903-FB09-4C94-B006-E756CAD884ED}.Release|Mixed Platforms.ActiveCfg = Release|Win32
		{C6822903-FB09-4C94-B006-E756CAD884ED}.Release|Mixed Platforms.Build.0 = Release|Win32
		{C6822903-FB09-4C94-B006-E756CAD884ED}.Release|Win32.ActiveCfg = Release|Win32
		{C6822903-FB09-4C94-B006-E756CAD884ED}.Release|Win32.Build.0 = Release|Win32
		{C6822903-FB09-4C94-B006-E756CAD884ED}.Release|x64.ActiveCfg = Release|x64
		{C6822903-FB09-4C94-B006-E756CAD884ED}.Release|x64.Build.0 = Release|x64
		{C6822903-FB09-4C94-B006-E756CAD884ED}.Release|x86.ActiveCfg = Release|Win32
		{C6822903-FB09-4C94-B006-E756CAD884ED}.Release|x86.Build.0 = Release|Win32
		{F27B17C7-95E8-44E8-8838-3A06936267A9}.Debug|Mixed Platforms.ActiveCfg = Debug|Win32
		{F27B17C7-95E8-44E8-8838-3A06936267A9}.Debug|Mixed Platforms.Build.0 = Debug|Win32
		{F27B17C7-95E8-44E8-8838-3A06936267A9}.Debug|Win32.ActiveCfg = Debug|Win32
		{F27B17C7-95E8-44E8-8838-3A06936267A9}.Debug|Win32.Build.0 = Debug|Win32
		{F27B17C7-95E8-44E8-8838-3A06936267A9}.Debug|x64.ActiveCfg = Debug|x64
		{F27B17C7-95E8-44E8-8838-3A06936267A9}.Debug|x64.Build.0 = Debug|x64
		{F27B17C7-95E8-44E8-8838-3A06936267A9}.Debug|x86.ActiveCfg = Debug|Win32
		{F27B17C7-95E8-44E8-8838-3A06936267A9}.Debug|x86.Build.0 = Debug|Win32
		{F27B17C7-95E8-44E8-8838-3A06936267A9}.Release|Mixed Platforms.ActiveCfg = Release|Win32
		{F27B17C7-95E8-44E8-8838-3A06936267A9}.Release|Mixed Platforms.Build.0 = Release|Win32
		{F27B17C7-95E8-44E8-8838-3A06936267A9}.Release|Win32.ActiveCfg = Release|Win32
		{F27B17C7-95E8-44E8-8838-3A06936267A9}.Release|Win32.Build.0 = Release|Win32
		{F27B17C7-95E8-44E8-8838-3A06936267A9}.Release|x64.ActiveCfg = Release|x64
		{F27B17C7-95E8-44E8-8838-3A06936267A9}.Release|x64.Build.0 = Release|x64
		{F27B17C7-95E8-44E8-8838-3A06936267A9}.Release|x86.ActiveCfg = Release|Win32
		{F27B17C7-95E8-44E8-8838-3A06936267A9}.Release|x86.Build.0 = Release|Win32
		{3DF9A673-82B6-41D8-AF22-9322A54D4E50}.Debug|Mixed Platforms.ActiveCfg = Debug|Win32
		{3DF9A673-82B6-41D8-AF22-9322A54D4E50}.Debug|Mixed Platforms.Build.0 = Debug|Win32
		{3DF9A673-82B6-41D8-AF22-9322A54D4E50}.Debug|Win32.ActiveCfg = Debug|Win32
		{3DF9A673-82B6-41D8-AF22-9322A54D4E50}.Debug|Win32.Build.0 = Debug|Win32
		{3DF9A673-82B6-41D8-AF22-9322A54D4E50}.Debug|x64.ActiveCfg = Debug|x64
		{3DF9A673-82B6-41D8-AF22-9322A54D4E50}.Debug|x64.Build.0 = Debug|x64
		{3DF9A673-82B6-41D8-AF22-9322A54D4E50}.Debug|x86.ActiveCfg = Debug|Win32
		{3DF9A673-82B6-41D8-AF22-9322A54D4E50}.Debug|x86.Build.0 = Debug|Win32
		{3DF9A673-82B6-41D8-AF22-9322A54D4E50}.Release|Mixed Platforms.ActiveCfg = Release|Win32
		{3DF9A673-82B6-41D8-AF22-9322A54D4E50}.Release|Mixed Platforms.Build.0 = Release|Win32
		{3DF9A673-82B6-41D8-AF22-9322A54D4E50}.Release|Win32.ActiveCfg = Release|Win32
		{3DF9A673-82B6-41D8-AF22-9322A54D4E50}.Release|Win32.Build.0 = Release|Win32
		{3DF9A673-82B6-41D8-AF22-9322A54D4E50}.Release|x64.ActiveCfg = Release|x64
		{3DF9A673-82B6-41D8-AF22-9322A54D4E50}.Release|x64.Build.0 = Release|x64
		{3DF9A673-82B6-41D8-AF22-9322A54D4E50}.Release|x86.ActiveCfg = Release|Win32
		{3DF9A673-82B6-41D8-AF22-9322A54D4E50}.Release|x86.Build.0 = Release|Win32
		{FAF36952-EDB4-4730-A98B-D80838F04796}.Debug|Mixed Platforms.ActiveCfg = Debug|Win32
		{FAF36952-EDB4-4730-A98B-D80838F04796}.Debug|Mixed Platforms.Build.0 = Debug|Win32
		{FAF36952-EDB4-4730-A98B-D80838F04796}.Debug|Win32.ActiveCfg = Debug|Win32
		{FAF36952-EDB4-4730-A98B-D80838F04796}.Debug|Win32.Build.0 = Debug|Win32
		{FAF36952-EDB4-4730-A98B-D80838F04796}.Debug|x64.ActiveCfg = Debug|x64
		{FAF36952-EDB4-4730-A98B-D80838F04796}.Debug|x64.Build.0 = Debug|x64
		{FAF36952-EDB4-4730-A98B-D80838F04796}.Debug|x86.ActiveCfg = Debug|Win32
		{FAF36952-EDB4-4730-A98B-D80838F04796}.Debug|x86.Build.0 = Debug|Win32
		{FAF36952-EDB4-4730-A98B-D80838F04796}.Release|Mixed Platforms.ActiveCfg = Release|Win32
		{FAF36952-EDB4-4730-A98B-D80838F04796}.Release|Mixed Platforms.Build.0 = Release|Win32
		{FAF36952-EDB4-4730-A98B-D80838F04796}.Release|Win32.ActiveCfg = Release|Win32
		{FAF36952-EDB4-4730-A98B-D80838F04796}.Release|Win32.Build.0 = Release|Win32
		{FAF36952-EDB4-4730-A98B-D80838F04796}.Release|x64.ActiveCfg = Release|x64
		{FAF36952-EDB4-4730-A98B-D80838F04796}.Release|x64.Build.0 = Release|x64
		{FAF36952-EDB4-4730-A98B-D80838F04796}.Release|x86.ActiveCfg = Release|Win32
		{FAF36952-EDB4-4730-A98B-D80838F04796}.Release|x86.Build.0 = Release|Win32
		{FDBF3B8A-70F6-4C32-9208-DF63736E2346}.Debug|Mixed Platforms.ActiveCfg = Debug|Win32
		{FDBF3B8A-70F6-4C32-9208-DF63736E2346}.Debug|Mixed Platforms.Build.0 = Debug|Win32
		{FDBF3B8A-70F6-4C32-9208-DF63736E2346}.Debug|Win32.ActiveCfg = Debug|Win32
		{FDBF3B8A-70F6-4C32-9208-DF63736E2346}.Debug|Win32.Build.0 = Debug|Win32
		{FDBF3B8A-70F6-4C32-9208-DF63736E2346}.Debug|x64.ActiveCfg = Debug|Win32
		{FDBF3B8A-70F6-4C32-9208-DF63736E2346}.Debug|x86.ActiveCfg = Debug|Win32
		{FDBF3B8A-70F6-4C32-9208-DF63736E2346}.Debug|x86.Build.0 = Debug|Win32
		{FDBF3B8A-70F6-4C32-9208-DF63736E2346}.Release|Mixed Platforms.ActiveCfg = Release|Win32
		{FDBF3B8A-70F6-4C32-9208-DF63736E2346}.Release|Mixed Platforms.Build.0 = Release|Win32
		{FDBF3B8A-70F6-4C32-9208-DF63736E2346}.Release|Win32.ActiveCfg = Release|Win32
		{FDBF3B8A-70F6-4C32-9208-DF63736E2346}.Release|Win32.Build.0 = Release|Win32
		{FDBF3B8A-70F6-4C32-9208-DF63736E2346}.Release|x64.ActiveCfg = Release|Win32
		{FDBF3B8A-70F6-4C32-9208-DF63736E2346}.Release|x86.ActiveCfg = Release|Win32
		{FDBF3B8A-70F6-4C32-9208-DF63736E2346}.Release|x86.Build.0 = Release|Win32
		{751C04A1-3B10-4839-AAEC-8ED389CAE1C6}.Debug|Mixed Platforms.ActiveCfg = Debug|Win32
		{751C04A1-3B10-4839-AAEC-8ED389CAE1C6}.Debug|Mixed Platforms.Build.0 = Debug|Win32
		{751C04A1-3B10-4839-AAEC-8ED389CAE1C6}.Debug|Win32.ActiveCfg = Debug|Win32
		{751C04A1-3B10-4839-AAEC-8ED389CAE1C6}.Debug|Win32.Build.0 = Debug|Win32
		{751C04A1-3B10-4839-AAEC-8ED389CAE1C6}.Debug|x64.ActiveCfg = Debug|Win32
		{751C04A1-3B10-4839-AAEC-8ED389CAE1C6}.Debug|x86.ActiveCfg = Debug|Win32
		{751C04A1-3B10-4839-AAEC-8ED389CAE1C6}.Debug|x86.Build.0 = Debug|Win32
		{751C04A1-3B10-4839-AAEC-8ED389CAE1C6}.Release|Mixed Platforms.ActiveCfg = Release|Win32
		{751C04A1-3B10-4839-AAEC-8ED389CAE1C6}.Release|Mixed Platforms.Build.0 = Release|Win32
		{751C04A1-3B10-4839-AAEC-8ED389CAE1C6}.Release|Win32.ActiveCfg = Release|Win32
		{751C04A1-3B10-4839-AAEC-8ED389CAE1C6}.Release|Win32.Build.0 = Release|Win32
		{751C04A1-3B10-4839-AAEC-8ED389CAE1C6}.Release|x64.ActiveCfg = Release|Win32
		{751C04A1-3B10-4839-AAEC-8ED389CAE1C6}.Release|x86.ActiveCfg = Release|Win32
		{751C04A1-3B10-4839-AAEC-8ED389CAE1C6}.Release|x86.Build.0 = Release|Win32
		{9B4F0DA9-208A-4862-BC81-46498A517B24}.Debug|Mixed Platforms.ActiveCfg = Debug|Win32
		{9B4F0DA9-208A-4862-BC81-46498A517B24}.Debug|Mixed Platforms.Build.0 = Debug|Win32
		{9B4F0DA9-208A-4862-BC81-46498A517B24}.Debug|Win32.ActiveCfg = Debug|Win32
		{9B4F0DA9-208A-4862-BC81-46498A517B24}.Debug|Win32.Build.0 = Debug|Win32
		{9B4F0DA9-208A-4862-BC81-46498A517B24}.Debug|x64.ActiveCfg = Debug|Win32
		{9B4F0DA9-208A-4862-BC81-46498A517B24}.Debug|x86.ActiveCfg = Debug|Win32
		{9B4F0DA9-208A-4862-BC81-46498A517B24}.Debug|x86.Build.0 = Debug|Win32
		{9B4F0DA9-208A-4862-BC81-46498A517B24}.Release|Mixed Platforms.ActiveCfg = Release|Win32
		{9B4F0DA9-208A-4862-BC81-46498A517B24}.Release|Mixed Platforms.Build.0 = Release|Win32
		{9B4F0DA9-208A-4862-BC81-46498A517B24}.Release|Win32.ActiveCfg = Release|Win32
		{9B4F0DA9-208A-4862-BC81-46498A517B24}.Release|Win32.Build.0 = Release|Win32
		{9B4F0DA9-208A-4862-BC81-46498A517B24}.Release|x64.ActiveCfg = Release|Win32
		{9B4F0DA9-208A-4862-BC81-46498A517B24}.Release|x86.ActiveCfg = Release|Win32
		{9B4F0DA9-208A-4862-BC81-46498A517B24}.Release|x86.Build.0 = Release|Win32
		{A23270B7-A692-44BF-B909-A6C470311840}.Debug|Mixed Platforms.ActiveCfg = Debug|Win32
		{A23270B7-A692-44BF-B909-A6C470311840}.Debug|Mixed Platforms.Build.0 = Debug|Win32
		{A23270B7-A692-44BF-B909-A6C470311840}.Debug|Win32.ActiveCfg = Debug|Win32
		{A23270B7-A692-44BF-B909-A6C470311840}.Debug|Win32.Build.0 = Debug|Win32
		{A23270B7-A692-44BF-B909-A6C470311840}.Debug|x64.ActiveCfg = Debug|Win32
		{A23270B7-A692-44BF-B909-A6C470311840}.Debug|x86.ActiveCfg = Debug|Win32
		{A23270B7-A692-44BF-B909-A6C470311840}.Debug|x86.Build.0 = Debug|Win32
		{A23270B7-A692-44BF-B909-A6C470311840}.Release|Mixed Platforms.ActiveCfg = Release|Win32
		{A23270B7-A692-44BF-B909-A6C470311840}.Release|Mixed Platforms.Build.0 = Release|Win32
		{A23270B7-A692-44BF-B909-A6C470311840}.Release|Win32.ActiveCfg = Release|Win32
		{A23270B7-A692-44BF-B909-A6C470311840}.Release|Win32.Build.0 = Release|Win32
		{A23270B7-A692-44BF-B909-A6C470311840}.Release|x64.ActiveCfg = Release|Win32
		{A23270B7-A692-44BF-B909-A6C470311840}.Release|x86.ActiveCfg = Release|Win32
		{A23270B7-A692-44BF-B909-A6C470311840}.Release|x86.Build.0 = Release|Win32
		{DD7400C0-9627-4691-ABD2-78E28982D6C6}.Debug|Mixed Platforms.ActiveCfg = Debug|Win32
		{DD7400C0-9627-4691-ABD2-78E28982D6C6}.Debug|Mixed Platforms.Build.0 = Debug|Win32
		{DD7400C0-9627-4691-ABD2-78E28982D6C6}.Debug|Win32.ActiveCfg = Debug|Win32
		{DD7400C0-9627-4691-ABD2-78E28982D6C6}.Debug|Win32.Build.0 = Debug|Win32
		{DD7400C0-9627-4691-ABD2-78E28982D6C6}.Debug|x64.ActiveCfg = Debug|x64
		{DD7400C0-9627-4691-ABD2-78E28982D6C6}.Debug|x64.Build.0 = Debug|x64
		{DD7400C0-9627-4691-ABD2-78E28982D6C6}.Debug|x86.ActiveCfg = Debug|Win32
		{DD7400C0-9627-4691-ABD2-78E28982D6C6}.Debug|x86.Build.0 = Debug|Win32
		{DD7400C0-9627-4691-ABD2-78E28982D6C6}.Release|Mixed Platforms.ActiveCfg = Release|Win32
		{DD7400C0-9627-4691-ABD2-78E28982D6C6}.Release|Mixed Platforms.Build.0 = Release|Win32
		{DD7400C0-9627-4691-ABD2-78E28982D6C6}.Release|Win32.ActiveCfg = Release|Win32
		{DD7400C0-9627-4691-ABD2-78E28982D6C6}.Release|Win32.Build.0 = Release|Win32
		{DD7400C0-9627-4691-ABD2-78E28982D6C6}.Release|x64.ActiveCfg = Release|x64
		{DD7400C0-9627-4691-ABD2-78E28982D6C6}.Release|x64.Build.0 = Release|x64
		{DD7400C0-9627-4691-ABD2-78E28982D6C6}.Release|x86.ActiveCfg = Release|Win32
		{DD7400C0-9627-4691-ABD2-78E28982D6C6}.Release|x86.Build.0 = Release|Win32
		{4E267E2A-C6D4-456F-A546-B28EDB1D6D31}.Debug|Mixed Platforms.ActiveCfg = Debug|Win32
		{4E267E2A-C6D4-456F-A546-B28EDB1D6D31}.Debug|Mixed Platforms.Build.0 = Debug|Win32
		{4E267E2A-C6D4-456F-A546-B28EDB1D6D31}.Debug|Win32.ActiveCfg = Debug|Win32
		{4E267E2A-C6D4-456F-A546-B28EDB1D6D31}.Debug|Win32.Build.0 = Debug|Win32
		{4E267E2A-C6D4-456F-A546-B28EDB1D6D31}.Debug|x64.ActiveCfg = Debug|x64
		{4E267E2A-C6D4-456F-A546-B28EDB1D6D31}.Debug|x64.Build.0 = Debug|x64
		{4E267E2A-C6D4-456F-A546-B28EDB1D6D31}.Debug|x86.ActiveCfg = Debug|Win32
		{4E267E2A-C6D4-456F-A546-B28EDB1D6D31}.Debug|x86.Build.0 = Debug|Win32
		{4E267E2A-C6D4-456F-A546-B28EDB1D6D31}.Release|Mixed Platforms.ActiveCfg = Release|Win32
		{4E267E2A-C6D4-456F-A546-B28EDB1D6D31}.Release|Mixed Platforms.Build.0 = Release|Win32
		{4E267E2A-C6D4-456F-A546-B28EDB1D6D31}.Release|Win32.ActiveCfg = Release|Win32
		{4E267E2A-C6D4-456F-A546-B28EDB1D6D31}.Release|Win32.Build.0 = Release|Win32
		{4E267E2A-C6D4-456F-A546-B28EDB1D6D31}.Release|x64.ActiveCfg = Release|x64
		{4E267E2A-C6D4-456F-A546-B28EDB1D6D31}.Release|x64.Build.0 = Release|x64
		{4E267E2A-C6D4-456F-A546-B28EDB1D6D31}.Release|x86.ActiveCfg = Release|Win32
		{4E267E2A-C6D4-456F-A546-B28EDB1D6D31}.Release|x86.Build.0 = Release|Win32
		{9DEB6075-11D8-496E-9EED-927E03EDAFA2}.Debug|Mixed Platforms.ActiveCfg = Debug|Win32
		{9DEB6075-11D8-496E-9EED-927E03EDAFA2}.Debug|Mixed Platforms.Build.0 = Debug|Win32
		{9DEB6075-11D8-496E-9EED-927E03EDAFA2}.Debug|Win32.ActiveCfg = Debug|Win32
		{9DEB6075-11D8-496E-9EED-927E03EDAFA2}.Debug|Win32.Build.0 = Debug|Win32
		{9DEB6075-11D8-496E-9EED-927E03EDAFA2}.Debug|x64.ActiveCfg = Debug|x64
		{9DEB6075-11D8-496E-9EED-927E03EDAFA2}.Debug|x64.Build.0 = Debug|x64
		{9DEB6075-11D8-496E-9EED-927E03EDAFA2}.Debug|x86.ActiveCfg = Debug|Win32
		{9DEB6075-11D8-496E-9EED-927E03EDAFA2}.Debug|x86.Build.0 = Debug|Win32
		{9DEB6075-11D8-496E-9EED-927E03EDAFA2}.Release|Mixed Platforms.ActiveCfg = Release|Win32
		{9DEB6075-11D8-496E-9EED-927E03EDAFA2}.Release|Mixed Platforms.Build.0 = Release|Win32
		{9DEB6075-11D8-496E-9EED-927E03EDAFA2}.Release|Win32.ActiveCfg = Release|Win32
		{9DEB6075-11D8-496E-9EED-927E03EDAFA2}.Release|Win32.Build.0 = Release|Win32
		{9DEB6075-11D8-496E-9EED-927E03EDAFA2}.Release|x64.ActiveCfg = Release|x64
		{9DEB6075-11D8-496E-9EED-927E03EDAFA2}.Release|x64.Build.0 = Release|x64
		{9DEB6075-11D8-496E-9EED-927E03EDAFA2}.Release|x86.ActiveCfg = Release|Win32
		{9DEB6075-11D8-496E-9EED-927E03EDAFA2}.Release|x86.Build.0 = Release|Win32
	EndGlobalSection
	GlobalSection(SolutionProperties) = preSolution
		HideSolutionNode = FALSE
	EndGlobalSection
EndGlobal
