
Microsoft Visual Studio Solution File, Format Version 12.00
# Visual Studio 2013
VisualStudioVersion = 12.0.40629.0
MinimumVisualStudioVersion = 10.0.40219.1
Project("{8BC9CEB8-8B4A-11D0-8D11-00A0C91BC942}") = "lab00", "lab00\lab00.vcxproj", "{EF848A50-DAC3-44A3-9097-0E3B1474D744}"
EndProject
Project("{8BC9CEB8-8B4A-11D0-8D11-00A0C91BC942}") = "lab01_1a", "lab01_1a\lab01_1a.vcxproj", "{BA444A5D-861F-4FA7-AAB8-15592F27308B}"
EndProject
Project("{8BC9CEB8-8B4A-11D0-8D11-00A0C91BC942}") = "lab01_1b", "lab02_1b\lab02_1b.vcxproj", "{9E2A659F-9330-4C5F-9F5C-AE7F93EA342B}"
EndProject
Project("{8BC9CEB8-8B4A-11D0-8D11-00A0C91BC942}") = "1.2_selesort", "1.2_selesort\1.2_selesort.vcxproj", "{0120F18E-F27C-4A2F-BC42-F90F9CD1F00E}"
EndProject
Project("{8BC9CEB8-8B4A-11D0-8D11-00A0C91BC942}") = "1.3_binsearch", "1.3_binsearch\1.3_binsearch.vcxproj", "{61DC8E9B-27C7-421D-AC80-FCDC7D1B5A22}"
EndProject
Project("{8BC9CEB8-8B4A-11D0-8D11-00A0C91BC942}") = "1.4_binsearch_r", "1.4_binsearch_r\1.4_binsearch_r.vcxproj", "{C6822903-FB09-4C94-B006-E756CAD884ED}"
EndProject
Project("{8BC9CEB8-8B4A-11D0-8D11-00A0C91BC942}") = "1.5_permutation", "1.5_permutation\1.5_permutation.vcxproj", "{F27B17C7-95E8-44E8-8838-3A06936267A9}"
EndProject
Project("{8BC9CEB8-8B4A-11D0-8D11-00A0C91BC942}") = "1.7_permutation_stl", "1.7_permutation_stl\1.7_permutation_stl.vcxproj", "{3DF9A673-82B6-41D8-AF22-9322A54D4E50}"
EndProject
Project("{8BC9CEB8-8B4A-11D0-8D11-00A0C91BC942}") = "1.6_product", "1.6_product\1.6_product.vcxproj", "{FAF36952-EDB4-4730-A98B-D80838F04796}"
EndProject
Project("{8BC9CEB8-8B4A-11D0-8D11-00A0C91BC942}") = "lab02_2a", "lab02_2a\lab02_2a.vcxproj", "{FDBF3B8A-70F6-4C32-9208-DF63736E2346}"
EndProject
Project("{8BC9CEB8-8B4A-11D0-8D11-00A0C91BC942}") = "lab02_2b", "lab02_2b\lab02_2b.vcxproj", "{751C04A1-3B10-4839-AAEC-8ED389CAE1C6}"
EndProject
Project("{8BC9CEB8-8B4A-11D0-8D11-00A0C91BC942}") = "lab02_2d", "lab02_2d\lab02_2d.vcxproj", "{9B4F0DA9-208A-4862-BC81-46498A517B24}"
EndProject
Project("{8BC9CEB8-8B4A-11D0-8D11-00A0C91BC942}") = "lab02_2c", "lab02_2c\lab02_2c.vcxproj", "{A23270B7-A692-44BF-B909-A6C470311840}"
EndProject
Project("{8BC9CEB8-8B4A-11D0-8D11-00A0C91BC942}") = "lab_3a", "lab_3a\lab_3a.vcxproj", "{DD7400C0-9627-4691-ABD2-78E28982D6C6}"
EndProject
Project("{8BC9CEB8-8B4A-11D0-8D11-00A0C91BC942}") = "lab_3c", "lab_3c\lab_3c.vcxproj", "{4E267E2A-C6D4-456F-A546-B28EDB1D6D31}"
EndProject
Project("{8BC9CEB8-8B4A-11D0-8D11-00A0C91BC942}") = "lab_3b", "lab_3b\lab_3b.vcxproj", "{9DEB6075-11D8-496E-9EED-927E03EDAFA2}"
EndProject
Project("{8BC9CEB8-8B4A-11D0-8D11-00A0C91BC942}") = "lab_4ALL", "lab_4ALL\lab_4ALL.vcxproj", "{D7D1014A-127B-4BB3-A639-F2C0CBB576C3}"
EndProject
Project("{8BC9CEB8-8B4A-11D0-8D11-00A0C91BC942}") = "lab_5a", "lab_5a\lab_5a.vcxproj", "{738A6CE3-EC29-4DB6-AC75-CEBA3DEEB33C}"
EndProject
Project("{8BC9CEB8-8B4A-11D0-8D11-00A0C91BC942}") = "lab_5b", "lab_5b\lab_5b.vcxproj", "{40356372-7C4A-4FBD-975E-E629A5BB71D1}"
EndProject
Project("{8BC9CEB8-8B4A-11D0-8D11-00A0C91BC942}") = "lab_5c", "lab_5c\lab_5c.vcxproj", "{84F3ED47-F37D-4CD3-A69C-6DDDF2D2C9D2}"
EndProject
Project("{8BC9CEB8-8B4A-11D0-8D11-00A0C91BC942}") = "lab_5d", "lab_5d\lab_5d.vcxproj", "{DDF294A4-1AA8-4A7A-A0F7-2A9BFBEE1972}"
EndProject
Project("{8BC9CEB8-8B4A-11D0-8D11-00A0C91BC942}") = "mid1", "mid1\mid1.vcxproj", "{15256119-73E6-4310-9448-31F2D1A4C6EA}"
EndProject
Project("{8BC9CEB8-8B4A-11D0-8D11-00A0C91BC942}") = "mid2", "mid2\mid2.vcxproj", "{8635431D-6642-4D2D-8945-30C44E80EEBA}"
EndProject
Project("{8BC9CEB8-8B4A-11D0-8D11-00A0C91BC942}") = "mid3", "mid3\mid3.vcxproj", "{79433DDB-C766-44F2-A3B3-9CBFF9A91540}"
EndProject
Project("{8BC9CEB8-8B4A-11D0-8D11-00A0C91BC942}") = "mid4", "mid4\mid4.vcxproj", "{E9CEE48D-9EE7-4D32-A6E7-932801B6137D}"
EndProject
Project("{8BC9CEB8-8B4A-11D0-8D11-00A0C91BC942}") = "mid5", "mid5\mid5.vcxproj", "{C4BA9FA3-BAF5-4B2E-A767-3413C44AD235}"
EndProject
Project("{8BC9CEB8-8B4A-11D0-8D11-00A0C91BC942}") = "lab_6a", "lab_6a\lab_6a.vcxproj", "{70BB268E-7DD8-4474-920C-909650F8A7BE}"
EndProject
Project("{8BC9CEB8-8B4A-11D0-8D11-00A0C91BC942}") = "lab_6b", "lab_6b\lab_6b.vcxproj", "{15793001-9A22-485D-B673-0FE3D6A0F484}"
EndProject
Global
	GlobalSection(SolutionConfigurationPlatforms) = preSolution
		Debug|Mixed Platforms = Debug|Mixed Platforms
		Debug|Win32 = Debug|Win32
		Debug|x64 = Debug|x64
		Debug|x86 = Debug|x86
		Release|Mixed Platforms = Release|Mixed Platforms
		Release|Win32 = Release|Win32
		Release|x64 = Release|x64
		Release|x86 = Release|x86
	EndGlobalSection
	GlobalSection(ProjectConfigurationPlatforms) = postSolution
		{EF848A50-DAC3-44A3-9097-0E3B1474D744}.Debug|Mixed Platforms.ActiveCfg = Debug|Win32
		{EF848A50-DAC3-44A3-9097-0E3B1474D744}.Debug|Mixed Platforms.Build.0 = Debug|Win32
		{EF848A50-DAC3-44A3-9097-0E3B1474D744}.Debug|Win32.ActiveCfg = Debug|Win32
		{EF848A50-DAC3-44A3-9097-0E3B1474D744}.Debug|Win32.Build.0 = Debug|Win32
		{EF848A50-DAC3-44A3-9097-0E3B1474D744}.Debug|x64.ActiveCfg = Debug|x64
		{EF848A50-DAC3-44A3-9097-0E3B1474D744}.Debug|x64.Build.0 = Debug|x64
		{EF848A50-DAC3-44A3-9097-0E3B1474D744}.Debug|x86.ActiveCfg = Debug|Win32
		{EF848A50-DAC3-44A3-9097-0E3B1474D744}.Debug|x86.Build.0 = Debug|Win32
		{EF848A50-DAC3-44A3-9097-0E3B1474D744}.Release|Mixed Platforms.ActiveCfg = Release|Win32
		{EF848A50-DAC3-44A3-9097-0E3B1474D744}.Release|Mixed Platforms.Build.0 = Release|Win32
		{EF848A50-DAC3-44A3-9097-0E3B1474D744}.Release|Win32.ActiveCfg = Release|Win32
		{EF848A50-DAC3-44A3-9097-0E3B1474D744}.Release|Win32.Build.0 = Release|Win32
		{EF848A50-DAC3-44A3-9097-0E3B1474D744}.Release|x64.ActiveCfg = Release|x64
		{EF848A50-DAC3-44A3-9097-0E3B1474D744}.Release|x64.Build.0 = Release|x64
		{EF848A50-DAC3-44A3-9097-0E3B1474D744}.Release|x86.ActiveCfg = Release|Win32
		{EF848A50-DAC3-44A3-9097-0E3B1474D744}.Release|x86.Build.0 = Release|Win32
		{BA444A5D-861F-4FA7-AAB8-15592F27308B}.Debug|Mixed Platforms.ActiveCfg = Debug|Win32
		{BA444A5D-861F-4FA7-AAB8-15592F27308B}.Debug|Mixed Platforms.Build.0 = Debug|Win32
		{BA444A5D-861F-4FA7-AAB8-15592F27308B}.Debug|Win32.ActiveCfg = Debug|Win32
		{BA444A5D-861F-4FA7-AAB8-15592F27308B}.Debug|Win32.Build.0 = Debug|Win32
		{BA444A5D-861F-4FA7-AAB8-15592F27308B}.Debug|x64.ActiveCfg = Debug|x64
		{BA444A5D-861F-4FA7-AAB8-15592F27308B}.Debug|x64.Build.0 = Debug|x64
		{BA444A5D-861F-4FA7-AAB8-15592F27308B}.Debug|x86.ActiveCfg = Debug|Win32
		{BA444A5D-861F-4FA7-AAB8-15592F27308B}.Debug|x86.Build.0 = Debug|Win32
		{BA444A5D-861F-4FA7-AAB8-15592F27308B}.Release|Mixed Platforms.ActiveCfg = Release|Win32
		{BA444A5D-861F-4FA7-AAB8-15592F27308B}.Release|Mixed Platforms.Build.0 = Release|Win32
		{BA444A5D-861F-4FA7-AAB8-15592F27308B}.Release|Win32.ActiveCfg = Release|Win32
		{BA444A5D-861F-4FA7-AAB8-15592F27308B}.Release|Win32.Build.0 = Release|Win32
		{BA444A5D-861F-4FA7-AAB8-15592F27308B}.Release|x64.ActiveCfg = Release|x64
		{BA444A5D-861F-4FA7-AAB8-15592F27308B}.Release|x64.Build.0 = Release|x64
		{BA444A5D-861F-4FA7-AAB8-15592F27308B}.Release|x86.ActiveCfg = Release|Win32
		{BA444A5D-861F-4FA7-AAB8-15592F27308B}.Release|x86.Build.0 = Release|Win32
		{9E2A659F-9330-4C5F-9F5C-AE7F93EA342B}.Debug|Mixed Platforms.ActiveCfg = Debug|Win32
		{9E2A659F-9330-4C5F-9F5C-AE7F93EA342B}.Debug|Mixed Platforms.Build.0 = Debug|Win32
		{9E2A659F-9330-4C5F-9F5C-AE7F93EA342B}.Debug|Win32.ActiveCfg = Debug|Win32
		{9E2A659F-9330-4C5F-9F5C-AE7F93EA342B}.Debug|Win32.Build.0 = Debug|Win32
		{9E2A659F-9330-4C5F-9F5C-AE7F93EA342B}.Debug|x64.ActiveCfg = Debug|x64
		{9E2A659F-9330-4C5F-9F5C-AE7F93EA342B}.Debug|x64.Build.0 = Debug|x64
		{9E2A659F-9330-4C5F-9F5C-AE7F93EA342B}.Debug|x86.ActiveCfg = Debug|Win32
		{9E2A659F-9330-4C5F-9F5C-AE7F93EA342B}.Debug|x86.Build.0 = Debug|Win32
		{9E2A659F-9330-4C5F-9F5C-AE7F93EA342B}.Release|Mixed Platforms.ActiveCfg = Release|Win32
		{9E2A659F-9330-4C5F-9F5C-AE7F93EA342B}.Release|Mixed Platforms.Build.0 = Release|Win32
		{9E2A659F-9330-4C5F-9F5C-AE7F93EA342B}.Release|Win32.ActiveCfg = Release|Win32
		{9E2A659F-9330-4C5F-9F5C-AE7F93EA342B}.Release|Win32.Build.0 = Release|Win32
		{9E2A659F-9330-4C5F-9F5C-AE7F93EA342B}.Release|x64.ActiveCfg = Release|x64
		{9E2A659F-9330-4C5F-9F5C-AE7F93EA342B}.Release|x64.Build.0 = Release|x64
		{9E2A659F-9330-4C5F-9F5C-AE7F93EA342B}.Release|x86.ActiveCfg = Release|Win32
		{9E2A659F-9330-4C5F-9F5C-AE7F93EA342B}.Release|x86.Build.0 = Release|Win32
		{0120F18E-F27C-4A2F-BC42-F90F9CD1F00E}.Debug|Mixed Platforms.ActiveCfg = Debug|Win32
		{0120F18E-F27C-4A2F-BC42-F90F9CD1F00E}.Debug|Mixed Platforms.Build.0 = Debug|Win32
		{0120F18E-F27C-4A2F-BC42-F90F9CD1F00E}.Debug|Win32.ActiveCfg = Debug|Win32
		{0120F18E-F27C-4A2F-BC42-F90F9CD1F00E}.Debug|Win32.Build.0 = Debug|Win32
		{0120F18E-F27C-4A2F-BC42-F90F9CD1F00E}.Debug|x64.ActiveCfg = Debug|x64
		{0120F18E-F27C-4A2F-BC42-F90F9CD1F00E}.Debug|x64.Build.0 = Debug|x64
		{0120F18E-F27C-4A2F-BC42-F90F9CD1F00E}.Debug|x86.ActiveCfg = Debug|Win32
		{0120F18E-F27C-4A2F-BC42-F90F9CD1F00E}.Debug|x86.Build.0 = Debug|Win32
		{0120F18E-F27C-4A2F-BC42-F90F9CD1F00E}.Release|Mixed Platforms.ActiveCfg = Release|Win32
		{0120F18E-F27C-4A2F-BC42-F90F9CD1F00E}.Release|Mixed Platforms.Build.0 = Release|Win32
		{0120F18E-F27C-4A2F-BC42-F90F9CD1F00E}.Release|Win32.ActiveCfg = Release|Win32
		{0120F18E-F27C-4A2F-BC42-F90F9CD1F00E}.Release|Win32.Build.0 = Release|Win32
		{0120F18E-F27C-4A2F-BC42-F90F9CD1F00E}.Release|x64.ActiveCfg = Release|x64
		{0120F18E-F27C-4A2F-BC42-F90F9CD1F00E}.Release|x64.Build.0 = Release|x64
		{0120F18E-F27C-4A2F-BC42-F90F9CD1F00E}.Release|x86.ActiveCfg = Release|Win32
		{0120F18E-F27C-4A2F-BC42-F90F9CD1F00E}.Release|x86.Build.0 = Release|Win32
		{61DC8E9B-27C7-421D-AC80-FCDC7D1B5A22}.Debug|Mixed Platforms.ActiveCfg = Debug|Win32
		{61DC8E9B-27C7-421D-AC80-FCDC7D1B5A22}.Debug|Mixed Platforms.Build.0 = Debug|Win32
		{61DC8E9B-27C7-421D-AC80-FCDC7D1B5A22}.Debug|Win32.ActiveCfg = Debug|Win32
		{61DC8E9B-27C7-421D-AC80-FCDC7D1B5A22}.Debug|Win32.Build.0 = Debug|Win32
		{61DC8E9B-27C7-421D-AC80-FCDC7D1B5A22}.Debug|x64.ActiveCfg = Debug|x64
		{61DC8E9B-27C7-421D-AC80-FCDC7D1B5A22}.Debug|x64.Build.0 = Debug|x64
		{61DC8E9B-27C7-421D-AC80-FCDC7D1B5A22}.Debug|x86.ActiveCfg = Debug|Win32
		{61DC8E9B-27C7-421D-AC80-FCDC7D1B5A22}.Debug|x86.Build.0 = Debug|Win32
		{61DC8E9B-27C7-421D-AC80-FCDC7D1B5A22}.Release|Mixed Platforms.ActiveCfg = Release|Win32
		{61DC8E9B-27C7-421D-AC80-FCDC7D1B5A22}.Release|Mixed Platforms.Build.0 = Release|Win32
		{61DC8E9B-27C7-421D-AC80-FCDC7D1B5A22}.Release|Win32.ActiveCfg = Release|Win32
		{61DC8E9B-27C7-421D-AC80-FCDC7D1B5A22}.Release|Win32.Build.0 = Release|Win32
		{61DC8E9B-27C7-421D-AC80-FCDC7D1B5A22}.Release|x64.ActiveCfg = Release|x64
		{61DC8E9B-27C7-421D-AC80-FCDC7D1B5A22}.Release|x64.Build.0 = Release|x64
		{61DC8E9B-27C7-421D-AC80-FCDC7D1B5A22}.Release|x86.ActiveCfg = Release|Win32
		{61DC8E9B-27C7-421D-AC80-FCDC7D1B5A22}.Release|x86.Build.0 = Release|Win32
		{C6822903-FB09-4C94-B006-E756CAD884ED}.Debug|Mixed Platforms.ActiveCfg = Debug|Win32
		{C6822903-FB09-4C94-B006-E756CAD884ED}.Debug|Mixed Platforms.Build.0 = Debug|Win32
		{C6822903-FB09-4C94-B006-E756CAD884ED}.Debug|Win32.ActiveCfg = Debug|Win32
		{C6822903-FB09-4C94-B006-E756CAD884ED}.Debug|Win32.Build.0 = Debug|Win32
		{C6822903-FB09-4C94-B006-E756CAD884ED}.Debug|x64.ActiveCfg = Debug|x64
		{C6822903-FB09-4C94-B006-E756CAD884ED}.Debug|x64.Build.0 = Debug|x64
		{C6822903-FB09-4C94-B006-E756CAD884ED}.Debug|x86.ActiveCfg = Debug|Win32
		{C6822903-FB09-4C94-B006-E756CAD884ED}.Debug|x86.Build.0 = Debug|Win32
		{C6822903-FB09-4C94-B006-E756CAD884ED}.Release|Mixed Platforms.ActiveCfg = Release|Win32
		{C6822903-FB09-4C94-B006-E756CAD884ED}.Release|Mixed Platforms.Build.0 = Release|Win32
		{C6822903-FB09-4C94-B006-E756CAD884ED}.Release|Win32.ActiveCfg = Release|Win32
		{C6822903-FB09-4C94-B006-E756CAD884ED}.Release|Win32.Build.0 = Release|Win32
		{C6822903-FB09-4C94-B006-E756CAD884ED}.Release|x64.ActiveCfg = Release|x64
		{C6822903-FB09-4C94-B006-E756CAD884ED}.Release|x64.Build.0 = Release|x64
		{C6822903-FB09-4C94-B006-E756CAD884ED}.Release|x86.ActiveCfg = Release|Win32
		{C6822903-FB09-4C94-B006-E756CAD884ED}.Release|x86.Build.0 = Release|Win32
		{F27B17C7-95E8-44E8-8838-3A06936267A9}.Debug|Mixed Platforms.ActiveCfg = Debug|Win32
		{F27B17C7-95E8-44E8-8838-3A06936267A9}.Debug|Mixed Platforms.Build.0 = Debug|Win32
		{F27B17C7-95E8-44E8-8838-3A06936267A9}.Debug|Win32.ActiveCfg = Debug|Win32
		{F27B17C7-95E8-44E8-8838-3A06936267A9}.Debug|Win32.Build.0 = Debug|Win32
		{F27B17C7-95E8-44E8-8838-3A06936267A9}.Debug|x64.ActiveCfg = Debug|x64
		{F27B17C7-95E8-44E8-8838-3A06936267A9}.Debug|x64.Build.0 = Debug|x64
		{F27B17C7-95E8-44E8-8838-3A06936267A9}.Debug|x86.ActiveCfg = Debug|Win32
		{F27B17C7-95E8-44E8-8838-3A06936267A9}.Debug|x86.Build.0 = Debug|Win32
		{F27B17C7-95E8-44E8-8838-3A06936267A9}.Release|Mixed Platforms.ActiveCfg = Release|Win32
		{F27B17C7-95E8-44E8-8838-3A06936267A9}.Release|Mixed Platforms.Build.0 = Release|Win32
		{F27B17C7-95E8-44E8-8838-3A06936267A9}.Release|Win32.ActiveCfg = Release|Win32
		{F27B17C7-95E8-44E8-8838-3A06936267A9}.Release|Win32.Build.0 = Release|Win32
		{F27B17C7-95E8-44E8-8838-3A06936267A9}.Release|x64.ActiveCfg = Release|x64
		{F27B17C7-95E8-44E8-8838-3A06936267A9}.Release|x64.Build.0 = Release|x64
		{F27B17C7-95E8-44E8-8838-3A06936267A9}.Release|x86.ActiveCfg = Release|Win32
		{F27B17C7-95E8-44E8-8838-3A06936267A9}.Release|x86.Build.0 = Release|Win32
		{3DF9A673-82B6-41D8-AF22-9322A54D4E50}.Debug|Mixed Platforms.ActiveCfg = Debug|Win32
		{3DF9A673-82B6-41D8-AF22-9322A54D4E50}.Debug|Mixed Platforms.Build.0 = Debug|Win32
		{3DF9A673-82B6-41D8-AF22-9322A54D4E50}.Debug|Win32.ActiveCfg = Debug|Win32
		{3DF9A673-82B6-41D8-AF22-9322A54D4E50}.Debug|Win32.Build.0 = Debug|Win32
		{3DF9A673-82B6-41D8-AF22-9322A54D4E50}.Debug|x64.ActiveCfg = Debug|x64
		{3DF9A673-82B6-41D8-AF22-9322A54D4E50}.Debug|x64.Build.0 = Debug|x64
		{3DF9A673-82B6-41D8-AF22-9322A54D4E50}.Debug|x86.ActiveCfg = Debug|Win32
		{3DF9A673-82B6-41D8-AF22-9322A54D4E50}.Debug|x86.Build.0 = Debug|Win32
		{3DF9A673-82B6-41D8-AF22-9322A54D4E50}.Release|Mixed Platforms.ActiveCfg = Release|Win32
		{3DF9A673-82B6-41D8-AF22-9322A54D4E50}.Release|Mixed Platforms.Build.0 = Release|Win32
		{3DF9A673-82B6-41D8-AF22-9322A54D4E50}.Release|Win32.ActiveCfg = Release|Win32
		{3DF9A673-82B6-41D8-AF22-9322A54D4E50}.Release|Win32.Build.0 = Release|Win32
		{3DF9A673-82B6-41D8-AF22-9322A54D4E50}.Release|x64.ActiveCfg = Release|x64
		{3DF9A673-82B6-41D8-AF22-9322A54D4E50}.Release|x64.Build.0 = Release|x64
		{3DF9A673-82B6-41D8-AF22-9322A54D4E50}.Release|x86.ActiveCfg = Release|Win32
		{3DF9A673-82B6-41D8-AF22-9322A54D4E50}.Release|x86.Build.0 = Release|Win32
		{FAF36952-EDB4-4730-A98B-D80838F04796}.Debug|Mixed Platforms.ActiveCfg = Debug|Win32
		{FAF36952-EDB4-4730-A98B-D80838F04796}.Debug|Mixed Platforms.Build.0 = Debug|Win32
		{FAF36952-EDB4-4730-A98B-D80838F04796}.Debug|Win32.ActiveCfg = Debug|Win32
		{FAF36952-EDB4-4730-A98B-D80838F04796}.Debug|Win32.Build.0 = Debug|Win32
		{FAF36952-EDB4-4730-A98B-D80838F04796}.Debug|x64.ActiveCfg = Debug|x64
		{FAF36952-EDB4-4730-A98B-D80838F04796}.Debug|x64.Build.0 = Debug|x64
		{FAF36952-EDB4-4730-A98B-D80838F04796}.Debug|x86.ActiveCfg = Debug|Win32
		{FAF36952-EDB4-4730-A98B-D80838F04796}.Debug|x86.Build.0 = Debug|Win32
		{FAF36952-EDB4-4730-A98B-D80838F04796}.Release|Mixed Platforms.ActiveCfg = Release|Win32
		{FAF36952-EDB4-4730-A98B-D80838F04796}.Release|Mixed Platforms.Build.0 = Release|Win32
		{FAF36952-EDB4-4730-A98B-D80838F04796}.Release|Win32.ActiveCfg = Release|Win32
		{FAF36952-EDB4-4730-A98B-D80838F04796}.Release|Win32.Build.0 = Release|Win32
		{FAF36952-EDB4-4730-A98B-D80838F04796}.Release|x64.ActiveCfg = Release|x64
		{FAF36952-EDB4-4730-A98B-D80838F04796}.Release|x64.Build.0 = Release|x64
		{FAF36952-EDB4-4730-A98B-D80838F04796}.Release|x86.ActiveCfg = Release|Win32
		{FAF36952-EDB4-4730-A98B-D80838F04796}.Release|x86.Build.0 = Release|Win32
		{FDBF3B8A-70F6-4C32-9208-DF63736E2346}.Debug|Mixed Platforms.ActiveCfg = Debug|Win32
		{FDBF3B8A-70F6-4C32-9208-DF63736E2346}.Debug|Mixed Platforms.Build.0 = Debug|Win32
		{FDBF3B8A-70F6-4C32-9208-DF63736E2346}.Debug|Win32.ActiveCfg = Debug|Win32
		{FDBF3B8A-70F6-4C32-9208-DF63736E2346}.Debug|Win32.Build.0 = Debug|Win32
		{FDBF3B8A-70F6-4C32-9208-DF63736E2346}.Debug|x64.ActiveCfg = Debug|Win32
		{FDBF3B8A-70F6-4C32-9208-DF63736E2346}.Debug|x86.ActiveCfg = Debug|Win32
		{FDBF3B8A-70F6-4C32-9208-DF63736E2346}.Debug|x86.Build.0 = Debug|Win32
		{FDBF3B8A-70F6-4C32-9208-DF63736E2346}.Release|Mixed Platforms.ActiveCfg = Release|Win32
		{FDBF3B8A-70F6-4C32-9208-DF63736E2346}.Release|Mixed Platforms.Build.0 = Release|Win32
		{FDBF3B8A-70F6-4C32-9208-DF63736E2346}.Release|Win32.ActiveCfg = Release|Win32
		{FDBF3B8A-70F6-4C32-9208-DF63736E2346}.Release|Win32.Build.0 = Release|Win32
		{FDBF3B8A-70F6-4C32-9208-DF63736E2346}.Release|x64.ActiveCfg = Release|Win32
		{FDBF3B8A-70F6-4C32-9208-DF63736E2346}.Release|x86.ActiveCfg = Release|Win32
		{FDBF3B8A-70F6-4C32-9208-DF63736E2346}.Release|x86.Build.0 = Release|Win32
		{751C04A1-3B10-4839-AAEC-8ED389CAE1C6}.Debug|Mixed Platforms.ActiveCfg = Debug|Win32
		{751C04A1-3B10-4839-AAEC-8ED389CAE1C6}.Debug|Mixed Platforms.Build.0 = Debug|Win32
		{751C04A1-3B10-4839-AAEC-8ED389CAE1C6}.Debug|Win32.ActiveCfg = Debug|Win32
		{751C04A1-3B10-4839-AAEC-8ED389CAE1C6}.Debug|Win32.Build.0 = Debug|Win32
		{751C04A1-3B10-4839-AAEC-8ED389CAE1C6}.Debug|x64.ActiveCfg = Debug|Win32
		{751C04A1-3B10-4839-AAEC-8ED389CAE1C6}.Debug|x86.ActiveCfg = Debug|Win32
		{751C04A1-3B10-4839-AAEC-8ED389CAE1C6}.Debug|x86.Build.0 = Debug|Win32
		{751C04A1-3B10-4839-AAEC-8ED389CAE1C6}.Release|Mixed Platforms.ActiveCfg = Release|Win32
		{751C04A1-3B10-4839-AAEC-8ED389CAE1C6}.Release|Mixed Platforms.Build.0 = Release|Win32
		{751C04A1-3B10-4839-AAEC-8ED389CAE1C6}.Release|Win32.ActiveCfg = Release|Win32
		{751C04A1-3B10-4839-AAEC-8ED389CAE1C6}.Release|Win32.Build.0 = Release|Win32
		{751C04A1-3B10-4839-AAEC-8ED389CAE1C6}.Release|x64.ActiveCfg = Release|Win32
		{751C04A1-3B10-4839-AAEC-8ED389CAE1C6}.Release|x86.ActiveCfg = Release|Win32
		{751C04A1-3B10-4839-AAEC-8ED389CAE1C6}.Release|x86.Build.0 = Release|Win32
		{9B4F0DA9-208A-4862-BC81-46498A517B24}.Debug|Mixed Platforms.ActiveCfg = Debug|Win32
		{9B4F0DA9-208A-4862-BC81-46498A517B24}.Debug|Mixed Platforms.Build.0 = Debug|Win32
		{9B4F0DA9-208A-4862-BC81-46498A517B24}.Debug|Win32.ActiveCfg = Debug|Win32
		{9B4F0DA9-208A-4862-BC81-46498A517B24}.Debug|Win32.Build.0 = Debug|Win32
		{9B4F0DA9-208A-4862-BC81-46498A517B24}.Debug|x64.ActiveCfg = Debug|Win32
		{9B4F0DA9-208A-4862-BC81-46498A517B24}.Debug|x86.ActiveCfg = Debug|Win32
		{9B4F0DA9-208A-4862-BC81-46498A517B24}.Debug|x86.Build.0 = Debug|Win32
		{9B4F0DA9-208A-4862-BC81-46498A517B24}.Release|Mixed Platforms.ActiveCfg = Release|Win32
		{9B4F0DA9-208A-4862-BC81-46498A517B24}.Release|Mixed Platforms.Build.0 = Release|Win32
		{9B4F0DA9-208A-4862-BC81-46498A517B24}.Release|Win32.ActiveCfg = Release|Win32
		{9B4F0DA9-208A-4862-BC81-46498A517B24}.Release|Win32.Build.0 = Release|Win32
		{9B4F0DA9-208A-4862-BC81-46498A517B24}.Release|x64.ActiveCfg = Release|Win32
		{9B4F0DA9-208A-4862-BC81-46498A517B24}.Release|x86.ActiveCfg = Release|Win32
		{9B4F0DA9-208A-4862-BC81-46498A517B24}.Release|x86.Build.0 = Release|Win32
		{A23270B7-A692-44BF-B909-A6C470311840}.Debug|Mixed Platforms.ActiveCfg = Debug|Win32
		{A23270B7-A692-44BF-B909-A6C470311840}.Debug|Mixed Platforms.Build.0 = Debug|Win32
		{A23270B7-A692-44BF-B909-A6C470311840}.Debug|Win32.ActiveCfg = Debug|Win32
		{A23270B7-A692-44BF-B909-A6C470311840}.Debug|Win32.Build.0 = Debug|Win32
		{A23270B7-A692-44BF-B909-A6C470311840}.Debug|x64.ActiveCfg = Debug|Win32
		{A23270B7-A692-44BF-B909-A6C470311840}.Debug|x86.ActiveCfg = Debug|Win32
		{A23270B7-A692-44BF-B909-A6C470311840}.Debug|x86.Build.0 = Debug|Win32
		{A23270B7-A692-44BF-B909-A6C470311840}.Release|Mixed Platforms.ActiveCfg = Release|Win32
		{A23270B7-A692-44BF-B909-A6C470311840}.Release|Mixed Platforms.Build.0 = Release|Win32
		{A23270B7-A692-44BF-B909-A6C470311840}.Release|Win32.ActiveCfg = Release|Win32
		{A23270B7-A692-44BF-B909-A6C470311840}.Release|Win32.Build.0 = Release|Win32
		{A23270B7-A692-44BF-B909-A6C470311840}.Release|x64.ActiveCfg = Release|Win32
		{A23270B7-A692-44BF-B909-A6C470311840}.Release|x86.ActiveCfg = Release|Win32
		{A23270B7-A692-44BF-B909-A6C470311840}.Release|x86.Build.0 = Release|Win32
		{DD7400C0-9627-4691-ABD2-78E28982D6C6}.Debug|Mixed Platforms.ActiveCfg = Debug|Win32
		{DD7400C0-9627-4691-ABD2-78E28982D6C6}.Debug|Mixed Platforms.Build.0 = Debug|Win32
		{DD7400C0-9627-4691-ABD2-78E28982D6C6}.Debug|Win32.ActiveCfg = Debug|Win32
		{DD7400C0-9627-4691-ABD2-78E28982D6C6}.Debug|Win32.Build.0 = Debug|Win32
		{DD7400C0-9627-4691-ABD2-78E28982D6C6}.Debug|x64.ActiveCfg = Debug|x64
		{DD7400C0-9627-4691-ABD2-78E28982D6C6}.Debug|x64.Build.0 = Debug|x64
		{DD7400C0-9627-4691-ABD2-78E28982D6C6}.Debug|x86.ActiveCfg = Debug|Win32
		{DD7400C0-9627-4691-ABD2-78E28982D6C6}.Debug|x86.Build.0 = Debug|Win32
		{DD7400C0-9627-4691-ABD2-78E28982D6C6}.Release|Mixed Platforms.ActiveCfg = Release|Win32
		{DD7400C0-9627-4691-ABD2-78E28982D6C6}.Release|Mixed Platforms.Build.0 = Release|Win32
		{DD7400C0-9627-4691-ABD2-78E28982D6C6}.Release|Win32.ActiveCfg = Release|Win32
		{DD7400C0-9627-4691-ABD2-78E28982D6C6}.Release|Win32.Build.0 = Release|Win32
		{DD7400C0-9627-4691-ABD2-78E28982D6C6}.Release|x64.ActiveCfg = Release|x64
		{DD7400C0-9627-4691-ABD2-78E28982D6C6}.Release|x64.Build.0 = Release|x64
		{DD7400C0-9627-4691-ABD2-78E28982D6C6}.Release|x86.ActiveCfg = Release|Win32
		{DD7400C0-9627-4691-ABD2-78E28982D6C6}.Release|x86.Build.0 = Release|Win32
		{4E267E2A-C6D4-456F-A546-B28EDB1D6D31}.Debug|Mixed Platforms.ActiveCfg = Debug|Win32
		{4E267E2A-C6D4-456F-A546-B28EDB1D6D31}.Debug|Mixed Platforms.Build.0 = Debug|Win32
		{4E267E2A-C6D4-456F-A546-B28EDB1D6D31}.Debug|Win32.ActiveCfg = Debug|Win32
		{4E267E2A-C6D4-456F-A546-B28EDB1D6D31}.Debug|Win32.Build.0 = Debug|Win32
		{4E267E2A-C6D4-456F-A546-B28EDB1D6D31}.Debug|x64.ActiveCfg = Debug|x64
		{4E267E2A-C6D4-456F-A546-B28EDB1D6D31}.Debug|x64.Build.0 = Debug|x64
		{4E267E2A-C6D4-456F-A546-B28EDB1D6D31}.Debug|x86.ActiveCfg = Debug|Win32
		{4E267E2A-C6D4-456F-A546-B28EDB1D6D31}.Debug|x86.Build.0 = Debug|Win32
		{4E267E2A-C6D4-456F-A546-B28EDB1D6D31}.Release|Mixed Platforms.ActiveCfg = Release|Win32
		{4E267E2A-C6D4-456F-A546-B28EDB1D6D31}.Release|Mixed Platforms.Build.0 = Release|Win32
		{4E267E2A-C6D4-456F-A546-B28EDB1D6D31}.Release|Win32.ActiveCfg = Release|Win32
		{4E267E2A-C6D4-456F-A546-B28EDB1D6D31}.Release|Win32.Build.0 = Release|Win32
		{4E267E2A-C6D4-456F-A546-B28EDB1D6D31}.Release|x64.ActiveCfg = Release|x64
		{4E267E2A-C6D4-456F-A546-B28EDB1D6D31}.Release|x64.Build.0 = Release|x64
		{4E267E2A-C6D4-456F-A546-B28EDB1D6D31}.Release|x86.ActiveCfg = Release|Win32
		{4E267E2A-C6D4-456F-A546-B28EDB1D6D31}.Release|x86.Build.0 = Release|Win32
		{9DEB6075-11D8-496E-9EED-927E03EDAFA2}.Debug|Mixed Platforms.ActiveCfg = Debug|Win32
		{9DEB6075-11D8-496E-9EED-927E03EDAFA2}.Debug|Mixed Platforms.Build.0 = Debug|Win32
		{9DEB6075-11D8-496E-9EED-927E03EDAFA2}.Debug|Win32.ActiveCfg = Debug|Win32
		{9DEB6075-11D8-496E-9EED-927E03EDAFA2}.Debug|Win32.Build.0 = Debug|Win32
		{9DEB6075-11D8-496E-9EED-927E03EDAFA2}.Debug|x64.ActiveCfg = Debug|x64
		{9DEB6075-11D8-496E-9EED-927E03EDAFA2}.Debug|x64.Build.0 = Debug|x64
		{9DEB6075-11D8-496E-9EED-927E03EDAFA2}.Debug|x86.ActiveCfg = Debug|Win32
		{9DEB6075-11D8-496E-9EED-927E03EDAFA2}.Debug|x86.Build.0 = Debug|Win32
		{9DEB6075-11D8-496E-9EED-927E03EDAFA2}.Release|Mixed Platforms.ActiveCfg = Release|Win32
		{9DEB6075-11D8-496E-9EED-927E03EDAFA2}.Release|Mixed Platforms.Build.0 = Release|Win32
		{9DEB6075-11D8-496E-9EED-927E03EDAFA2}.Release|Win32.ActiveCfg = Release|Win32
		{9DEB6075-11D8-496E-9EED-927E03EDAFA2}.Release|Win32.Build.0 = Release|Win32
		{9DEB6075-11D8-496E-9EED-927E03EDAFA2}.Release|x64.ActiveCfg = Release|x64
		{9DEB6075-11D8-496E-9EED-927E03EDAFA2}.Release|x64.Build.0 = Release|x64
		{9DEB6075-11D8-496E-9EED-927E03EDAFA2}.Release|x86.ActiveCfg = Release|Win32
		{9DEB6075-11D8-496E-9EED-927E03EDAFA2}.Release|x86.Build.0 = Release|Win32
		{D7D1014A-127B-4BB3-A639-F2C0CBB576C3}.Debug|Mixed Platforms.ActiveCfg = Debug|Win32
		{D7D1014A-127B-4BB3-A639-F2C0CBB576C3}.Debug|Mixed Platforms.Build.0 = Debug|Win32
		{D7D1014A-127B-4BB3-A639-F2C0CBB576C3}.Debug|Win32.ActiveCfg = Debug|Win32
		{D7D1014A-127B-4BB3-A639-F2C0CBB576C3}.Debug|Win32.Build.0 = Debug|Win32
		{D7D1014A-127B-4BB3-A639-F2C0CBB576C3}.Debug|x64.ActiveCfg = Debug|Win32
		{D7D1014A-127B-4BB3-A639-F2C0CBB576C3}.Debug|x86.ActiveCfg = Debug|Win32
		{D7D1014A-127B-4BB3-A639-F2C0CBB576C3}.Debug|x86.Build.0 = Debug|Win32
		{D7D1014A-127B-4BB3-A639-F2C0CBB576C3}.Release|Mixed Platforms.ActiveCfg = Release|Win32
		{D7D1014A-127B-4BB3-A639-F2C0CBB576C3}.Release|Mixed Platforms.Build.0 = Release|Win32
		{D7D1014A-127B-4BB3-A639-F2C0CBB576C3}.Release|Win32.ActiveCfg = Release|Win32
		{D7D1014A-127B-4BB3-A639-F2C0CBB576C3}.Release|Win32.Build.0 = Release|Win32
		{D7D1014A-127B-4BB3-A639-F2C0CBB576C3}.Release|x64.ActiveCfg = Release|Win32
		{D7D1014A-127B-4BB3-A639-F2C0CBB576C3}.Release|x86.ActiveCfg = Release|Win32
		{D7D1014A-127B-4BB3-A639-F2C0CBB576C3}.Release|x86.Build.0 = Release|Win32
		{738A6CE3-EC29-4DB6-AC75-CEBA3DEEB33C}.Debug|Mixed Platforms.ActiveCfg = Debug|Win32
		{738A6CE3-EC29-4DB6-AC75-CEBA3DEEB33C}.Debug|Mixed Platforms.Build.0 = Debug|Win32
		{738A6CE3-EC29-4DB6-AC75-CEBA3DEEB33C}.Debug|Win32.ActiveCfg = Debug|Win32
		{738A6CE3-EC29-4DB6-AC75-CEBA3DEEB33C}.Debug|Win32.Build.0 = Debug|Win32
		{738A6CE3-EC29-4DB6-AC75-CEBA3DEEB33C}.Debug|x64.ActiveCfg = Debug|Win32
		{738A6CE3-EC29-4DB6-AC75-CEBA3DEEB33C}.Debug|x86.ActiveCfg = Debug|Win32
		{738A6CE3-EC29-4DB6-AC75-CEBA3DEEB33C}.Debug|x86.Build.0 = Debug|Win32
		{738A6CE3-EC29-4DB6-AC75-CEBA3DEEB33C}.Release|Mixed Platforms.ActiveCfg = Release|Win32
		{738A6CE3-EC29-4DB6-AC75-CEBA3DEEB33C}.Release|Mixed Platforms.Build.0 = Release|Win32
		{738A6CE3-EC29-4DB6-AC75-CEBA3DEEB33C}.Release|Win32.ActiveCfg = Release|Win32
		{738A6CE3-EC29-4DB6-AC75-CEBA3DEEB33C}.Release|Win32.Build.0 = Release|Win32
		{738A6CE3-EC29-4DB6-AC75-CEBA3DEEB33C}.Release|x64.ActiveCfg = Release|Win32
		{738A6CE3-EC29-4DB6-AC75-CEBA3DEEB33C}.Release|x86.ActiveCfg = Release|Win32
		{738A6CE3-EC29-4DB6-AC75-CEBA3DEEB33C}.Release|x86.Build.0 = Release|Win32
		{40356372-7C4A-4FBD-975E-E629A5BB71D1}.Debug|Mixed Platforms.ActiveCfg = Debug|Win32
		{40356372-7C4A-4FBD-975E-E629A5BB71D1}.Debug|Mixed Platforms.Build.0 = Debug|Win32
		{40356372-7C4A-4FBD-975E-E629A5BB71D1}.Debug|Win32.ActiveCfg = Debug|Win32
		{40356372-7C4A-4FBD-975E-E629A5BB71D1}.Debug|Win32.Build.0 = Debug|Win32
		{40356372-7C4A-4FBD-975E-E629A5BB71D1}.Debug|x64.ActiveCfg = Debug|Win32
		{40356372-7C4A-4FBD-975E-E629A5BB71D1}.Debug|x86.ActiveCfg = Debug|Win32
		{40356372-7C4A-4FBD-975E-E629A5BB71D1}.Debug|x86.Build.0 = Debug|Win32
		{40356372-7C4A-4FBD-975E-E629A5BB71D1}.Release|Mixed Platforms.ActiveCfg = Release|Win32
		{40356372-7C4A-4FBD-975E-E629A5BB71D1}.Release|Mixed Platforms.Build.0 = Release|Win32
		{40356372-7C4A-4FBD-975E-E629A5BB71D1}.Release|Win32.ActiveCfg = Release|Win32
		{40356372-7C4A-4FBD-975E-E629A5BB71D1}.Release|Win32.Build.0 = Release|Win32
		{40356372-7C4A-4FBD-975E-E629A5BB71D1}.Release|x64.ActiveCfg = Release|Win32
		{40356372-7C4A-4FBD-975E-E629A5BB71D1}.Release|x86.ActiveCfg = Release|Win32
		{40356372-7C4A-4FBD-975E-E629A5BB71D1}.Release|x86.Build.0 = Release|Win32
		{84F3ED47-F37D-4CD3-A69C-6DDDF2D2C9D2}.Debug|Mixed Platforms.ActiveCfg = Debug|Win32
		{84F3ED47-F37D-4CD3-A69C-6DDDF2D2C9D2}.Debug|Mixed Platforms.Build.0 = Debug|Win32
		{84F3ED47-F37D-4CD3-A69C-6DDDF2D2C9D2}.Debug|Win32.ActiveCfg = Debug|Win32
		{84F3ED47-F37D-4CD3-A69C-6DDDF2D2C9D2}.Debug|Win32.Build.0 = Debug|Win32
		{84F3ED47-F37D-4CD3-A69C-6DDDF2D2C9D2}.Debug|x64.ActiveCfg = Debug|Win32
		{84F3ED47-F37D-4CD3-A69C-6DDDF2D2C9D2}.Debug|x86.ActiveCfg = Debug|Win32
		{84F3ED47-F37D-4CD3-A69C-6DDDF2D2C9D2}.Debug|x86.Build.0 = Debug|Win32
		{84F3ED47-F37D-4CD3-A69C-6DDDF2D2C9D2}.Release|Mixed Platforms.ActiveCfg = Release|Win32
		{84F3ED47-F37D-4CD3-A69C-6DDDF2D2C9D2}.Release|Mixed Platforms.Build.0 = Release|Win32
		{84F3ED47-F37D-4CD3-A69C-6DDDF2D2C9D2}.Release|Win32.ActiveCfg = Release|Win32
		{84F3ED47-F37D-4CD3-A69C-6DDDF2D2C9D2}.Release|Win32.Build.0 = Release|Win32
		{84F3ED47-F37D-4CD3-A69C-6DDDF2D2C9D2}.Release|x64.ActiveCfg = Release|Win32
		{84F3ED47-F37D-4CD3-A69C-6DDDF2D2C9D2}.Release|x86.ActiveCfg = Release|Win32
		{84F3ED47-F37D-4CD3-A69C-6DDDF2D2C9D2}.Release|x86.Build.0 = Release|Win32
		{DDF294A4-1AA8-4A7A-A0F7-2A9BFBEE1972}.Debug|Mixed Platforms.ActiveCfg = Debug|Win32
		{DDF294A4-1AA8-4A7A-A0F7-2A9BFBEE1972}.Debug|Mixed Platforms.Build.0 = Debug|Win32
		{DDF294A4-1AA8-4A7A-A0F7-2A9BFBEE1972}.Debug|Win32.ActiveCfg = Debug|Win32
		{DDF294A4-1AA8-4A7A-A0F7-2A9BFBEE1972}.Debug|Win32.Build.0 = Debug|Win32
		{DDF294A4-1AA8-4A7A-A0F7-2A9BFBEE1972}.Debug|x64.ActiveCfg = Debug|Win32
		{DDF294A4-1AA8-4A7A-A0F7-2A9BFBEE1972}.Debug|x86.ActiveCfg = Debug|Win32
		{DDF294A4-1AA8-4A7A-A0F7-2A9BFBEE1972}.Debug|x86.Build.0 = Debug|Win32
		{DDF294A4-1AA8-4A7A-A0F7-2A9BFBEE1972}.Release|Mixed Platforms.ActiveCfg = Release|Win32
		{DDF294A4-1AA8-4A7A-A0F7-2A9BFBEE1972}.Release|Mixed Platforms.Build.0 = Release|Win32
		{DDF294A4-1AA8-4A7A-A0F7-2A9BFBEE1972}.Release|Win32.ActiveCfg = Release|Win32
		{DDF294A4-1AA8-4A7A-A0F7-2A9BFBEE1972}.Release|Win32.Build.0 = Release|Win32
		{DDF294A4-1AA8-4A7A-A0F7-2A9BFBEE1972}.Release|x64.ActiveCfg = Release|Win32
		{DDF294A4-1AA8-4A7A-A0F7-2A9BFBEE1972}.Release|x86.ActiveCfg = Release|Win32
		{DDF294A4-1AA8-4A7A-A0F7-2A9BFBEE1972}.Release|x86.Build.0 = Release|Win32
		{15256119-73E6-4310-9448-31F2D1A4C6EA}.Debug|Mixed Platforms.ActiveCfg = Debug|Win32
		{15256119-73E6-4310-9448-31F2D1A4C6EA}.Debug|Mixed Platforms.Build.0 = Debug|Win32
		{15256119-73E6-4310-9448-31F2D1A4C6EA}.Debug|Win32.ActiveCfg = Debug|Win32
		{15256119-73E6-4310-9448-31F2D1A4C6EA}.Debug|Win32.Build.0 = Debug|Win32
		{15256119-73E6-4310-9448-31F2D1A4C6EA}.Debug|x64.ActiveCfg = Debug|Win32
		{15256119-73E6-4310-9448-31F2D1A4C6EA}.Debug|x86.ActiveCfg = Debug|Win32
		{15256119-73E6-4310-9448-31F2D1A4C6EA}.Debug|x86.Build.0 = Debug|Win32
		{15256119-73E6-4310-9448-31F2D1A4C6EA}.Release|Mixed Platforms.ActiveCfg = Release|Win32
		{15256119-73E6-4310-9448-31F2D1A4C6EA}.Release|Mixed Platforms.Build.0 = Release|Win32
		{15256119-73E6-4310-9448-31F2D1A4C6EA}.Release|Win32.ActiveCfg = Release|Win32
		{15256119-73E6-4310-9448-31F2D1A4C6EA}.Release|Win32.Build.0 = Release|Win32
		{15256119-73E6-4310-9448-31F2D1A4C6EA}.Release|x64.ActiveCfg = Release|Win32
		{15256119-73E6-4310-9448-31F2D1A4C6EA}.Release|x86.ActiveCfg = Release|Win32
		{15256119-73E6-4310-9448-31F2D1A4C6EA}.Release|x86.Build.0 = Release|Win32
		{8635431D-6642-4D2D-8945-30C44E80EEBA}.Debug|Mixed Platforms.ActiveCfg = Debug|Win32
		{8635431D-6642-4D2D-8945-30C44E80EEBA}.Debug|Mixed Platforms.Build.0 = Debug|Win32
		{8635431D-6642-4D2D-8945-30C44E80EEBA}.Debug|Win32.ActiveCfg = Debug|Win32
		{8635431D-6642-4D2D-8945-30C44E80EEBA}.Debug|Win32.Build.0 = Debug|Win32
		{8635431D-6642-4D2D-8945-30C44E80EEBA}.Debug|x64.ActiveCfg = Debug|Win32
		{8635431D-6642-4D2D-8945-30C44E80EEBA}.Debug|x86.ActiveCfg = Debug|Win32
		{8635431D-6642-4D2D-8945-30C44E80EEBA}.Debug|x86.Build.0 = Debug|Win32
		{8635431D-6642-4D2D-8945-30C44E80EEBA}.Release|Mixed Platforms.ActiveCfg = Release|Win32
		{8635431D-6642-4D2D-8945-30C44E80EEBA}.Release|Mixed Platforms.Build.0 = Release|Win32
		{8635431D-6642-4D2D-8945-30C44E80EEBA}.Release|Win32.ActiveCfg = Release|Win32
		{8635431D-6642-4D2D-8945-30C44E80EEBA}.Release|Win32.Build.0 = Release|Win32
		{8635431D-6642-4D2D-8945-30C44E80EEBA}.Release|x64.ActiveCfg = Release|Win32
		{8635431D-6642-4D2D-8945-30C44E80EEBA}.Release|x86.ActiveCfg = Release|Win32
		{8635431D-6642-4D2D-8945-30C44E80EEBA}.Release|x86.Build.0 = Release|Win32
		{79433DDB-C766-44F2-A3B3-9CBFF9A91540}.Debug|Mixed Platforms.ActiveCfg = Debug|Win32
		{79433DDB-C766-44F2-A3B3-9CBFF9A91540}.Debug|Mixed Platforms.Build.0 = Debug|Win32
		{79433DDB-C766-44F2-A3B3-9CBFF9A91540}.Debug|Win32.ActiveCfg = Debug|Win32
		{79433DDB-C766-44F2-A3B3-9CBFF9A91540}.Debug|Win32.Build.0 = Debug|Win32
		{79433DDB-C766-44F2-A3B3-9CBFF9A91540}.Debug|x64.ActiveCfg = Debug|Win32
		{79433DDB-C766-44F2-A3B3-9CBFF9A91540}.Debug|x86.ActiveCfg = Debug|Win32
		{79433DDB-C766-44F2-A3B3-9CBFF9A91540}.Debug|x86.Build.0 = Debug|Win32
		{79433DDB-C766-44F2-A3B3-9CBFF9A91540}.Release|Mixed Platforms.ActiveCfg = Release|Win32
		{79433DDB-C766-44F2-A3B3-9CBFF9A91540}.Release|Mixed Platforms.Build.0 = Release|Win32
		{79433DDB-C766-44F2-A3B3-9CBFF9A91540}.Release|Win32.ActiveCfg = Release|Win32
		{79433DDB-C766-44F2-A3B3-9CBFF9A91540}.Release|Win32.Build.0 = Release|Win32
		{79433DDB-C766-44F2-A3B3-9CBFF9A91540}.Release|x64.ActiveCfg = Release|Win32
		{79433DDB-C766-44F2-A3B3-9CBFF9A91540}.Release|x86.ActiveCfg = Release|Win32
		{79433DDB-C766-44F2-A3B3-9CBFF9A91540}.Release|x86.Build.0 = Release|Win32
		{E9CEE48D-9EE7-4D32-A6E7-932801B6137D}.Debug|Mixed Platforms.ActiveCfg = Debug|Win32
		{E9CEE48D-9EE7-4D32-A6E7-932801B6137D}.Debug|Mixed Platforms.Build.0 = Debug|Win32
		{E9CEE48D-9EE7-4D32-A6E7-932801B6137D}.Debug|Win32.ActiveCfg = Debug|Win32
		{E9CEE48D-9EE7-4D32-A6E7-932801B6137D}.Debug|Win32.Build.0 = Debug|Win32
		{E9CEE48D-9EE7-4D32-A6E7-932801B6137D}.Debug|x64.ActiveCfg = Debug|Win32
		{E9CEE48D-9EE7-4D32-A6E7-932801B6137D}.Debug|x86.ActiveCfg = Debug|Win32
		{E9CEE48D-9EE7-4D32-A6E7-932801B6137D}.Debug|x86.Build.0 = Debug|Win32
		{E9CEE48D-9EE7-4D32-A6E7-932801B6137D}.Release|Mixed Platforms.ActiveCfg = Release|Win32
		{E9CEE48D-9EE7-4D32-A6E7-932801B6137D}.Release|Mixed Platforms.Build.0 = Release|Win32
		{E9CEE48D-9EE7-4D32-A6E7-932801B6137D}.Release|Win32.ActiveCfg = Release|Win32
		{E9CEE48D-9EE7-4D32-A6E7-932801B6137D}.Release|Win32.Build.0 = Release|Win32
		{E9CEE48D-9EE7-4D32-A6E7-932801B6137D}.Release|x64.ActiveCfg = Release|Win32
		{E9CEE48D-9EE7-4D32-A6E7-932801B6137D}.Release|x86.ActiveCfg = Release|Win32
		{E9CEE48D-9EE7-4D32-A6E7-932801B6137D}.Release|x86.Build.0 = Release|Win32
		{C4BA9FA3-BAF5-4B2E-A767-3413C44AD235}.Debug|Mixed Platforms.ActiveCfg = Debug|Win32
		{C4BA9FA3-BAF5-4B2E-A767-3413C44AD235}.Debug|Mixed Platforms.Build.0 = Debug|Win32
		{C4BA9FA3-BAF5-4B2E-A767-3413C44AD235}.Debug|Win32.ActiveCfg = Debug|Win32
		{C4BA9FA3-BAF5-4B2E-A767-3413C44AD235}.Debug|Win32.Build.0 = Debug|Win32
		{C4BA9FA3-BAF5-4B2E-A767-3413C44AD235}.Debug|x64.ActiveCfg = Debug|Win32
		{C4BA9FA3-BAF5-4B2E-A767-3413C44AD235}.Debug|x86.ActiveCfg = Debug|Win32
		{C4BA9FA3-BAF5-4B2E-A767-3413C44AD235}.Debug|x86.Build.0 = Debug|Win32
		{C4BA9FA3-BAF5-4B2E-A767-3413C44AD235}.Release|Mixed Platforms.ActiveCfg = Release|Win32
		{C4BA9FA3-BAF5-4B2E-A767-3413C44AD235}.Release|Mixed Platforms.Build.0 = Release|Win32
		{C4BA9FA3-BAF5-4B2E-A767-3413C44AD235}.Release|Win32.ActiveCfg = Release|Win32
		{C4BA9FA3-BAF5-4B2E-A767-3413C44AD235}.Release|Win32.Build.0 = Release|Win32
		{C4BA9FA3-BAF5-4B2E-A767-3413C44AD235}.Release|x64.ActiveCfg = Release|Win32
		{C4BA9FA3-BAF5-4B2E-A767-3413C44AD235}.Release|x86.ActiveCfg = Release|Win32
		{C4BA9FA3-BAF5-4B2E-A767-3413C44AD235}.Release|x86.Build.0 = Release|Win32
		{70BB268E-7DD8-4474-920C-909650F8A7BE}.Debug|Mixed Platforms.ActiveCfg = Debug|Win32
		{70BB268E-7DD8-4474-920C-909650F8A7BE}.Debug|Mixed Platforms.Build.0 = Debug|Win32
		{70BB268E-7DD8-4474-920C-909650F8A7BE}.Debug|Win32.ActiveCfg = Debug|Win32
		{70BB268E-7DD8-4474-920C-909650F8A7BE}.Debug|Win32.Build.0 = Debug|Win32
		{70BB268E-7DD8-4474-920C-909650F8A7BE}.Debug|x64.ActiveCfg = Debug|Win32
		{70BB268E-7DD8-4474-920C-909650F8A7BE}.Debug|x86.ActiveCfg = Debug|Win32
		{70BB268E-7DD8-4474-920C-909650F8A7BE}.Debug|x86.Build.0 = Debug|Win32
		{70BB268E-7DD8-4474-920C-909650F8A7BE}.Release|Mixed Platforms.ActiveCfg = Release|Win32
		{70BB268E-7DD8-4474-920C-909650F8A7BE}.Release|Mixed Platforms.Build.0 = Release|Win32
		{70BB268E-7DD8-4474-920C-909650F8A7BE}.Release|Win32.ActiveCfg = Release|Win32
		{70BB268E-7DD8-4474-920C-909650F8A7BE}.Release|Win32.Build.0 = Release|Win32
		{70BB268E-7DD8-4474-920C-909650F8A7BE}.Release|x64.ActiveCfg = Release|Win32
		{70BB268E-7DD8-4474-920C-909650F8A7BE}.Release|x86.ActiveCfg = Release|Win32
		{70BB268E-7DD8-4474-920C-909650F8A7BE}.Release|x86.Build.0 = Release|Win32
		{15793001-9A22-485D-B673-0FE3D6A0F484}.Debug|Mixed Platforms.ActiveCfg = Debug|Win32
		{15793001-9A22-485D-B673-0FE3D6A0F484}.Debug|Mixed Platforms.Build.0 = Debug|Win32
		{15793001-9A22-485D-B673-0FE3D6A0F484}.Debug|Win32.ActiveCfg = Debug|Win32
		{15793001-9A22-485D-B673-0FE3D6A0F484}.Debug|Win32.Build.0 = Debug|Win32
		{15793001-9A22-485D-B673-0FE3D6A0F484}.Debug|x64.ActiveCfg = Debug|Win32
		{15793001-9A22-485D-B673-0FE3D6A0F484}.Debug|x86.ActiveCfg = Debug|Win32
		{15793001-9A22-485D-B673-0FE3D6A0F484}.Debug|x86.Build.0 = Debug|Win32
		{15793001-9A22-485D-B673-0FE3D6A0F484}.Release|Mixed Platforms.ActiveCfg = Release|Win32
		{15793001-9A22-485D-B673-0FE3D6A0F484}.Release|Mixed Platforms.Build.0 = Release|Win32
		{15793001-9A22-485D-B673-0FE3D6A0F484}.Release|Win32.ActiveCfg = Release|Win32
		{15793001-9A22-485D-B673-0FE3D6A0F484}.Release|Win32.Build.0 = Release|Win32
		{15793001-9A22-485D-B673-0FE3D6A0F484}.Release|x64.ActiveCfg = Release|Win32
		{15793001-9A22-485D-B673-0FE3D6A0F484}.Release|x86.ActiveCfg = Release|Win32
		{15793001-9A22-485D-B673-0FE3D6A0F484}.Release|x86.Build.0 = Release|Win32
	EndGlobalSection
	GlobalSection(SolutionProperties) = preSolution
		HideSolutionNode = FALSE
	EndGlobalSection
EndGlobal
